
Microsoft Visual Studio Solution File, Format Version 12.00
# Visual Studio Version 16
VisualStudioVersion = 16.0.29025.244
MinimumVisualStudioVersion = 10.0.40219.1
Project("{8BC9CEB8-8B4A-11D0-8D11-00A0C91BC942}") = "algorithmcpp", "algorithmcpp\algorithmcpp.vcxproj", "{CF7480F9-5621-41B6-BE91-1AD9C969CD6C}"
EndProject
Project("{8BC9CEB8-8B4A-11D0-8D11-00A0C91BC942}") = "cpptest1", "cpptest1\cpptest1.vcxproj", "{00DFB868-78DD-487D-958C-02A25FD51E08}"
EndProject
Global
	GlobalSection(SolutionConfigurationPlatforms) = preSolution
		Debug|x64 = Debug|x64
		Debug|x86 = Debug|x86
		Release|x64 = Release|x64
		Release|x86 = Release|x86
	EndGlobalSection
	GlobalSection(ProjectConfigurationPlatforms) = postSolution
		{CF7480F9-5621-41B6-BE91-1AD9C969CD6C}.Debug|x64.ActiveCfg = Debug|x64
		{CF7480F9-5621-41B6-BE91-1AD9C969CD6C}.Debug|x64.Build.0 = Debug|x64
		{CF7480F9-5621-41B6-BE91-1AD9C969CD6C}.Debug|x86.ActiveCfg = Debug|Win32
		{CF7480F9-5621-41B6-BE91-1AD9C969CD6C}.Debug|x86.Build.0 = Debug|Win32
		{CF7480F9-5621-41B6-BE91-1AD9C969CD6C}.Release|x64.ActiveCfg = Release|x64
		{CF7480F9-5621-41B6-BE91-1AD9C969CD6C}.Release|x64.Build.0 = Release|x64
		{CF7480F9-5621-41B6-BE91-1AD9C969CD6C}.Release|x86.ActiveCfg = Release|Win32
		{CF7480F9-5621-41B6-BE91-1AD9C969CD6C}.Release|x86.Build.0 = Release|Win32
		{00DFB868-78DD-487D-958C-02A25FD51E08}.Debug|x64.ActiveCfg = Debug|x64
		{00DFB868-78DD-487D-958C-02A25FD51E08}.Debug|x64.Build.0 = Debug|x64
		{00DFB868-78DD-487D-958C-02A25FD51E08}.Debug|x86.ActiveCfg = Debug|Win32
		{00DFB868-78DD-487D-958C-02A25FD51E08}.Debug|x86.Build.0 = Debug|Win32
		{00DFB868-78DD-487D-958C-02A25FD51E08}.Release|x64.ActiveCfg = Release|x64
		{00DFB868-78DD-487D-958C-02A25FD51E08}.Release|x64.Build.0 = Release|x64
		{00DFB868-78DD-487D-958C-02A25FD51E08}.Release|x86.ActiveCfg = Release|Win32
		{00DFB868-78DD-487D-958C-02A25FD51E08}.Release|x86.Build.0 = Release|Win32
	EndGlobalSection
	GlobalSection(SolutionProperties) = preSolution
		HideSolutionNode = FALSE
	EndGlobalSection
	GlobalSection(ExtensibilityGlobals) = postSolution
		SolutionGuid = {5CE0BB35-A848-49D8-92B2-2079ED2C0C8E}
	EndGlobalSection
EndGlobal
